
Microsoft Visual Studio Solution File, Format Version 12.00
Project("{FAE04EC0-301F-11D3-BF4B-00C04F79EFBC}") = "backend", "backend\backend.csproj", "{A94F68F6-0658-4EB4-B3EB-CE17B090C071}"
EndProject
Project("{FAE04EC0-301F-11D3-BF4B-00C04F79EFBC}") = "test", "test\test.csproj", "{8E44D058-6227-47AE-AF77-0DF53BD2285E}"
EndProject
Project("{FAE04EC0-301F-11D3-BF4B-00C04F79EFBC}") = "PSYCare Api", "PSYCare Api\PSYCare Api.csproj", "{16F65E28-B7AD-4164-BB77-BED7086D6F9B}"
EndProject
Global
	GlobalSection(SolutionConfigurationPlatforms) = preSolution
		Debug|Any CPU = Debug|Any CPU
		Release|Any CPU = Release|Any CPU
	EndGlobalSection
	GlobalSection(ProjectConfigurationPlatforms) = postSolution
		{A94F68F6-0658-4EB4-B3EB-CE17B090C071}.Debug|Any CPU.ActiveCfg = Debug|Any CPU
		{A94F68F6-0658-4EB4-B3EB-CE17B090C071}.Debug|Any CPU.Build.0 = Debug|Any CPU
		{A94F68F6-0658-4EB4-B3EB-CE17B090C071}.Release|Any CPU.ActiveCfg = Release|Any CPU
		{A94F68F6-0658-4EB4-B3EB-CE17B090C071}.Release|Any CPU.Build.0 = Release|Any CPU
		{8E44D058-6227-47AE-AF77-0DF53BD2285E}.Debug|Any CPU.ActiveCfg = Debug|Any CPU
		{8E44D058-6227-47AE-AF77-0DF53BD2285E}.Debug|Any CPU.Build.0 = Debug|Any CPU
		{8E44D058-6227-47AE-AF77-0DF53BD2285E}.Release|Any CPU.ActiveCfg = Release|Any CPU
		{8E44D058-6227-47AE-AF77-0DF53BD2285E}.Release|Any CPU.Build.0 = Release|Any CPU
		{16F65E28-B7AD-4164-BB77-BED7086D6F9B}.Debug|Any CPU.ActiveCfg = Debug|Any CPU
		{16F65E28-B7AD-4164-BB77-BED7086D6F9B}.Debug|Any CPU.Build.0 = Debug|Any CPU
		{16F65E28-B7AD-4164-BB77-BED7086D6F9B}.Release|Any CPU.ActiveCfg = Release|Any CPU
		{16F65E28-B7AD-4164-BB77-BED7086D6F9B}.Release|Any CPU.Build.0 = Release|Any CPU
	EndGlobalSection
EndGlobal
